
Microsoft Visual Studio Solution File, Format Version 12.00
# Visual Studio Version 17
VisualStudioVersion = 17.8.34322.80
MinimumVisualStudioVersion = 10.0.40219.1
Project("{FAE04EC0-301F-11D3-BF4B-00C04F79EFBC}") = "enquanto", "enquanto\enquanto.csproj", "{6B7116E3-5460-422A-9D47-4570FE55F240}"
EndProject
Global
	GlobalSection(SolutionConfigurationPlatforms) = preSolution
		Debug|Any CPU = Debug|Any CPU
		Release|Any CPU = Release|Any CPU
	EndGlobalSection
	GlobalSection(ProjectConfigurationPlatforms) = postSolution
		{6B7116E3-5460-422A-9D47-4570FE55F240}.Debug|Any CPU.ActiveCfg = Debug|Any CPU
		{6B7116E3-5460-422A-9D47-4570FE55F240}.Debug|Any CPU.Build.0 = Debug|Any CPU
		{6B7116E3-5460-422A-9D47-4570FE55F240}.Release|Any CPU.ActiveCfg = Release|Any CPU
		{6B7116E3-5460-422A-9D47-4570FE55F240}.Release|Any CPU.Build.0 = Release|Any CPU
	EndGlobalSection
	GlobalSection(SolutionProperties) = preSolution
		HideSolutionNode = FALSE
	EndGlobalSection
	GlobalSection(ExtensibilityGlobals) = postSolution
		SolutionGuid = {0C5DABB7-83C2-4D42-9CDB-CFC34F86475C}
	EndGlobalSection
EndGlobal
