
Microsoft Visual Studio Solution File, Format Version 12.00
# Visual Studio Version 17
VisualStudioVersion = 17.8.34322.80
MinimumVisualStudioVersion = 10.0.40219.1
Project("{FAE04EC0-301F-11D3-BF4B-00C04F79EFBC}") = "condicional", "condicional\condicional.csproj", "{1C00E0CF-6139-4273-9BFC-3EA24F5DD134}"
EndProject
Global
	GlobalSection(SolutionConfigurationPlatforms) = preSolution
		Debug|Any CPU = Debug|Any CPU
		Release|Any CPU = Release|Any CPU
	EndGlobalSection
	GlobalSection(ProjectConfigurationPlatforms) = postSolution
		{1C00E0CF-6139-4273-9BFC-3EA24F5DD134}.Debug|Any CPU.ActiveCfg = Debug|Any CPU
		{1C00E0CF-6139-4273-9BFC-3EA24F5DD134}.Debug|Any CPU.Build.0 = Debug|Any CPU
		{1C00E0CF-6139-4273-9BFC-3EA24F5DD134}.Release|Any CPU.ActiveCfg = Release|Any CPU
		{1C00E0CF-6139-4273-9BFC-3EA24F5DD134}.Release|Any CPU.Build.0 = Release|Any CPU
	EndGlobalSection
	GlobalSection(SolutionProperties) = preSolution
		HideSolutionNode = FALSE
	EndGlobalSection
	GlobalSection(ExtensibilityGlobals) = postSolution
		SolutionGuid = {101421AA-4FF6-4D8F-8F80-971CD3BBE15F}
	EndGlobalSection
EndGlobal
