
Microsoft Visual Studio Solution File, Format Version 12.00
# Visual Studio Version 17
VisualStudioVersion = 17.8.34322.80
MinimumVisualStudioVersion = 10.0.40219.1
Project("{FAE04EC0-301F-11D3-BF4B-00C04F79EFBC}") = "idades", "idades\idades.csproj", "{249DADE5-28A3-4196-BE90-6133A7D28F10}"
EndProject
Global
	GlobalSection(SolutionConfigurationPlatforms) = preSolution
		Debug|Any CPU = Debug|Any CPU
		Release|Any CPU = Release|Any CPU
	EndGlobalSection
	GlobalSection(ProjectConfigurationPlatforms) = postSolution
		{249DADE5-28A3-4196-BE90-6133A7D28F10}.Debug|Any CPU.ActiveCfg = Debug|Any CPU
		{249DADE5-28A3-4196-BE90-6133A7D28F10}.Debug|Any CPU.Build.0 = Debug|Any CPU
		{249DADE5-28A3-4196-BE90-6133A7D28F10}.Release|Any CPU.ActiveCfg = Release|Any CPU
		{249DADE5-28A3-4196-BE90-6133A7D28F10}.Release|Any CPU.Build.0 = Release|Any CPU
	EndGlobalSection
	GlobalSection(SolutionProperties) = preSolution
		HideSolutionNode = FALSE
	EndGlobalSection
	GlobalSection(ExtensibilityGlobals) = postSolution
		SolutionGuid = {8F9C5406-2F42-42D0-B41A-9637371267DD}
	EndGlobalSection
EndGlobal
