
Microsoft Visual Studio Solution File, Format Version 12.00
# Visual Studio Version 17
VisualStudioVersion = 17.8.34322.80
MinimumVisualStudioVersion = 10.0.40219.1
Project("{FAE04EC0-301F-11D3-BF4B-00C04F79EFBC}") = "soma_vetor", "soma_vetor\soma_vetor.csproj", "{9DAF3EE5-BCDB-4425-8DE3-F2B4C594DEEC}"
EndProject
Global
	GlobalSection(SolutionConfigurationPlatforms) = preSolution
		Debug|Any CPU = Debug|Any CPU
		Release|Any CPU = Release|Any CPU
	EndGlobalSection
	GlobalSection(ProjectConfigurationPlatforms) = postSolution
		{9DAF3EE5-BCDB-4425-8DE3-F2B4C594DEEC}.Debug|Any CPU.ActiveCfg = Debug|Any CPU
		{9DAF3EE5-BCDB-4425-8DE3-F2B4C594DEEC}.Debug|Any CPU.Build.0 = Debug|Any CPU
		{9DAF3EE5-BCDB-4425-8DE3-F2B4C594DEEC}.Release|Any CPU.ActiveCfg = Release|Any CPU
		{9DAF3EE5-BCDB-4425-8DE3-F2B4C594DEEC}.Release|Any CPU.Build.0 = Release|Any CPU
	EndGlobalSection
	GlobalSection(SolutionProperties) = preSolution
		HideSolutionNode = FALSE
	EndGlobalSection
	GlobalSection(ExtensibilityGlobals) = postSolution
		SolutionGuid = {0DAEE535-09AA-445C-AF06-7F84D9A30EFE}
	EndGlobalSection
EndGlobal
