
Microsoft Visual Studio Solution File, Format Version 12.00
# Visual Studio Version 17
VisualStudioVersion = 17.8.34322.80
MinimumVisualStudioVersion = 10.0.40219.1
Project("{FAE04EC0-301F-11D3-BF4B-00C04F79EFBC}") = "diagonal_negativos", "diagonal_negativos\diagonal_negativos.csproj", "{75DE8B79-6661-4263-BDDF-6550D5DED983}"
EndProject
Global
	GlobalSection(SolutionConfigurationPlatforms) = preSolution
		Debug|Any CPU = Debug|Any CPU
		Release|Any CPU = Release|Any CPU
	EndGlobalSection
	GlobalSection(ProjectConfigurationPlatforms) = postSolution
		{75DE8B79-6661-4263-BDDF-6550D5DED983}.Debug|Any CPU.ActiveCfg = Debug|Any CPU
		{75DE8B79-6661-4263-BDDF-6550D5DED983}.Debug|Any CPU.Build.0 = Debug|Any CPU
		{75DE8B79-6661-4263-BDDF-6550D5DED983}.Release|Any CPU.ActiveCfg = Release|Any CPU
		{75DE8B79-6661-4263-BDDF-6550D5DED983}.Release|Any CPU.Build.0 = Release|Any CPU
	EndGlobalSection
	GlobalSection(SolutionProperties) = preSolution
		HideSolutionNode = FALSE
	EndGlobalSection
	GlobalSection(ExtensibilityGlobals) = postSolution
		SolutionGuid = {19B102AE-D700-448D-BA34-9372C00E5371}
	EndGlobalSection
EndGlobal
