
Microsoft Visual Studio Solution File, Format Version 12.00
# Visual Studio Version 17
VisualStudioVersion = 17.8.34322.80
MinimumVisualStudioVersion = 10.0.40219.1
Project("{FAE04EC0-301F-11D3-BF4B-00C04F79EFBC}") = "resultado", "resultado\resultado.csproj", "{DE8FABC8-5B6C-40CF-B54B-96D22DC30856}"
EndProject
Global
	GlobalSection(SolutionConfigurationPlatforms) = preSolution
		Debug|Any CPU = Debug|Any CPU
		Release|Any CPU = Release|Any CPU
	EndGlobalSection
	GlobalSection(ProjectConfigurationPlatforms) = postSolution
		{DE8FABC8-5B6C-40CF-B54B-96D22DC30856}.Debug|Any CPU.ActiveCfg = Debug|Any CPU
		{DE8FABC8-5B6C-40CF-B54B-96D22DC30856}.Debug|Any CPU.Build.0 = Debug|Any CPU
		{DE8FABC8-5B6C-40CF-B54B-96D22DC30856}.Release|Any CPU.ActiveCfg = Release|Any CPU
		{DE8FABC8-5B6C-40CF-B54B-96D22DC30856}.Release|Any CPU.Build.0 = Release|Any CPU
	EndGlobalSection
	GlobalSection(SolutionProperties) = preSolution
		HideSolutionNode = FALSE
	EndGlobalSection
	GlobalSection(ExtensibilityGlobals) = postSolution
		SolutionGuid = {A48C432D-C0A4-4E62-9768-563557166B46}
	EndGlobalSection
EndGlobal
