
Microsoft Visual Studio Solution File, Format Version 12.00
# Visual Studio Version 17
VisualStudioVersion = 17.8.34322.80
MinimumVisualStudioVersion = 10.0.40219.1
Project("{FAE04EC0-301F-11D3-BF4B-00C04F79EFBC}") = "retangulo", "retangulo\retangulo.csproj", "{4ABD5F7E-6BC5-43F8-BCCF-0724CE65CD61}"
EndProject
Global
	GlobalSection(SolutionConfigurationPlatforms) = preSolution
		Debug|Any CPU = Debug|Any CPU
		Release|Any CPU = Release|Any CPU
	EndGlobalSection
	GlobalSection(ProjectConfigurationPlatforms) = postSolution
		{4ABD5F7E-6BC5-43F8-BCCF-0724CE65CD61}.Debug|Any CPU.ActiveCfg = Debug|Any CPU
		{4ABD5F7E-6BC5-43F8-BCCF-0724CE65CD61}.Debug|Any CPU.Build.0 = Debug|Any CPU
		{4ABD5F7E-6BC5-43F8-BCCF-0724CE65CD61}.Release|Any CPU.ActiveCfg = Release|Any CPU
		{4ABD5F7E-6BC5-43F8-BCCF-0724CE65CD61}.Release|Any CPU.Build.0 = Release|Any CPU
	EndGlobalSection
	GlobalSection(SolutionProperties) = preSolution
		HideSolutionNode = FALSE
	EndGlobalSection
	GlobalSection(ExtensibilityGlobals) = postSolution
		SolutionGuid = {8AE03BB8-4EF3-4102-A31E-A1A859FB222D}
	EndGlobalSection
EndGlobal
