
Microsoft Visual Studio Solution File, Format Version 12.00
# Visual Studio Version 17
VisualStudioVersion = 17.8.34322.80
MinimumVisualStudioVersion = 10.0.40219.1
Project("{FAE04EC0-301F-11D3-BF4B-00C04F79EFBC}") = "multiplica", "multiplica\multiplica.csproj", "{B62152CD-BF4E-4C4B-A646-2C972B1A53E6}"
EndProject
Global
	GlobalSection(SolutionConfigurationPlatforms) = preSolution
		Debug|Any CPU = Debug|Any CPU
		Release|Any CPU = Release|Any CPU
	EndGlobalSection
	GlobalSection(ProjectConfigurationPlatforms) = postSolution
		{B62152CD-BF4E-4C4B-A646-2C972B1A53E6}.Debug|Any CPU.ActiveCfg = Debug|Any CPU
		{B62152CD-BF4E-4C4B-A646-2C972B1A53E6}.Debug|Any CPU.Build.0 = Debug|Any CPU
		{B62152CD-BF4E-4C4B-A646-2C972B1A53E6}.Release|Any CPU.ActiveCfg = Release|Any CPU
		{B62152CD-BF4E-4C4B-A646-2C972B1A53E6}.Release|Any CPU.Build.0 = Release|Any CPU
	EndGlobalSection
	GlobalSection(SolutionProperties) = preSolution
		HideSolutionNode = FALSE
	EndGlobalSection
	GlobalSection(ExtensibilityGlobals) = postSolution
		SolutionGuid = {BAE7CED4-BF48-433C-8CAD-20D15C5578F1}
	EndGlobalSection
EndGlobal
