
Microsoft Visual Studio Solution File, Format Version 12.00
# Visual Studio Version 17
VisualStudioVersion = 17.8.34322.80
MinimumVisualStudioVersion = 10.0.40219.1
Project("{FAE04EC0-301F-11D3-BF4B-00C04F79EFBC}") = "matrizes", "matrizes\matrizes.csproj", "{AEBB7A0C-9E21-47DE-A7DC-DBF88B7306B1}"
EndProject
Global
	GlobalSection(SolutionConfigurationPlatforms) = preSolution
		Debug|Any CPU = Debug|Any CPU
		Release|Any CPU = Release|Any CPU
	EndGlobalSection
	GlobalSection(ProjectConfigurationPlatforms) = postSolution
		{AEBB7A0C-9E21-47DE-A7DC-DBF88B7306B1}.Debug|Any CPU.ActiveCfg = Debug|Any CPU
		{AEBB7A0C-9E21-47DE-A7DC-DBF88B7306B1}.Debug|Any CPU.Build.0 = Debug|Any CPU
		{AEBB7A0C-9E21-47DE-A7DC-DBF88B7306B1}.Release|Any CPU.ActiveCfg = Release|Any CPU
		{AEBB7A0C-9E21-47DE-A7DC-DBF88B7306B1}.Release|Any CPU.Build.0 = Release|Any CPU
	EndGlobalSection
	GlobalSection(SolutionProperties) = preSolution
		HideSolutionNode = FALSE
	EndGlobalSection
	GlobalSection(ExtensibilityGlobals) = postSolution
		SolutionGuid = {00F94D00-C618-4C67-83C3-F67E734B2041}
	EndGlobalSection
EndGlobal
