
Microsoft Visual Studio Solution File, Format Version 12.00
# Visual Studio Version 17
VisualStudioVersion = 17.8.34322.80
MinimumVisualStudioVersion = 10.0.40219.1
Project("{FAE04EC0-301F-11D3-BF4B-00C04F79EFBC}") = "soma_impares", "soma_impares\soma_impares.csproj", "{1DF2F798-EA20-44BA-871C-7F2101802EFE}"
EndProject
Global
	GlobalSection(SolutionConfigurationPlatforms) = preSolution
		Debug|Any CPU = Debug|Any CPU
		Release|Any CPU = Release|Any CPU
	EndGlobalSection
	GlobalSection(ProjectConfigurationPlatforms) = postSolution
		{1DF2F798-EA20-44BA-871C-7F2101802EFE}.Debug|Any CPU.ActiveCfg = Debug|Any CPU
		{1DF2F798-EA20-44BA-871C-7F2101802EFE}.Debug|Any CPU.Build.0 = Debug|Any CPU
		{1DF2F798-EA20-44BA-871C-7F2101802EFE}.Release|Any CPU.ActiveCfg = Release|Any CPU
		{1DF2F798-EA20-44BA-871C-7F2101802EFE}.Release|Any CPU.Build.0 = Release|Any CPU
	EndGlobalSection
	GlobalSection(SolutionProperties) = preSolution
		HideSolutionNode = FALSE
	EndGlobalSection
	GlobalSection(ExtensibilityGlobals) = postSolution
		SolutionGuid = {9E271B2A-9BE3-4D8E-8A8C-A3AC8AC4B4A9}
	EndGlobalSection
EndGlobal
