
Microsoft Visual Studio Solution File, Format Version 12.00
# Visual Studio Version 17
VisualStudioVersion = 17.8.34322.80
MinimumVisualStudioVersion = 10.0.40219.1
Project("{FAE04EC0-301F-11D3-BF4B-00C04F79EFBC}") = "vetores", "vetores\vetores.csproj", "{5100AE9F-C330-4692-BBB6-DD4A8FFE6290}"
EndProject
Global
	GlobalSection(SolutionConfigurationPlatforms) = preSolution
		Debug|Any CPU = Debug|Any CPU
		Release|Any CPU = Release|Any CPU
	EndGlobalSection
	GlobalSection(ProjectConfigurationPlatforms) = postSolution
		{5100AE9F-C330-4692-BBB6-DD4A8FFE6290}.Debug|Any CPU.ActiveCfg = Debug|Any CPU
		{5100AE9F-C330-4692-BBB6-DD4A8FFE6290}.Debug|Any CPU.Build.0 = Debug|Any CPU
		{5100AE9F-C330-4692-BBB6-DD4A8FFE6290}.Release|Any CPU.ActiveCfg = Release|Any CPU
		{5100AE9F-C330-4692-BBB6-DD4A8FFE6290}.Release|Any CPU.Build.0 = Release|Any CPU
	EndGlobalSection
	GlobalSection(SolutionProperties) = preSolution
		HideSolutionNode = FALSE
	EndGlobalSection
	GlobalSection(ExtensibilityGlobals) = postSolution
		SolutionGuid = {81F28817-FC8C-412F-ABF5-46BECF1F9B73}
	EndGlobalSection
EndGlobal
